
Microsoft Visual Studio Solution File, Format Version 12.00
Project("{FAE04EC0-301F-11D3-BF4B-00C04F79EFBC}") = "Mission2Assignment", "Mission2Assignment\Mission2Assignment.csproj", "{9ED2054D-10CA-4E52-8244-07865F0FB09E}"
EndProject
Global
	GlobalSection(SolutionConfigurationPlatforms) = preSolution
		Debug|Any CPU = Debug|Any CPU
		Release|Any CPU = Release|Any CPU
	EndGlobalSection
	GlobalSection(ProjectConfigurationPlatforms) = postSolution
		{9ED2054D-10CA-4E52-8244-07865F0FB09E}.Debug|Any CPU.ActiveCfg = Debug|Any CPU
		{9ED2054D-10CA-4E52-8244-07865F0FB09E}.Debug|Any CPU.Build.0 = Debug|Any CPU
		{9ED2054D-10CA-4E52-8244-07865F0FB09E}.Release|Any CPU.ActiveCfg = Release|Any CPU
		{9ED2054D-10CA-4E52-8244-07865F0FB09E}.Release|Any CPU.Build.0 = Release|Any CPU
	EndGlobalSection
EndGlobal
